
Microsoft Visual Studio Solution File, Format Version 12.00
# Visual Studio 14
VisualStudioVersion = 14.0.23107.0
MinimumVisualStudioVersion = 10.0.40219.1
Project("{00D1A9C2-B5F0-4AF3-8072-F6C62B433612}") = "MagicManagerData", "MagicManagerData\MagicManagerData.sqlproj", "{6849F6BF-A87A-49B7-9C44-9CCD267B6C6E}"
EndProject
Project("{FAE04EC0-301F-11D3-BF4B-00C04F79EFBC}") = "MagicManager", "MagicManager\MagicManager.csproj", "{9480F7B1-9B4C-4CE5-A542-F0E7E92E111E}"
EndProject
Project("{FAE04EC0-301F-11D3-BF4B-00C04F79EFBC}") = "MagicManager.Model", "MagicManager.Model\MagicManager.Model.csproj", "{99BC77B8-A555-4FA4-AFAA-90BBF40DE857}"
EndProject
Project("{FAE04EC0-301F-11D3-BF4B-00C04F79EFBC}") = "MagicManager.MkmRequests", "MagicManager.MkmRequests\MagicManager.MkmRequests.csproj", "{FBA6D843-F8EF-49C2-8FB3-75A3FC5FDB28}"
EndProject
Project("{FAE04EC0-301F-11D3-BF4B-00C04F79EFBC}") = "MagicManager.DAL", "MagicManager.DAL\MagicManager.DAL.csproj", "{D9313299-3C91-4F0F-8EDD-2C59633775AD}"
EndProject
Project("{FAE04EC0-301F-11D3-BF4B-00C04F79EFBC}") = "MagicManagerAPI", "MagicManagerAPI\MagicManagerAPI.csproj", "{92EF59D6-D272-4D25-9468-809F8C581EB9}"
EndProject
Project("{FAE04EC0-301F-11D3-BF4B-00C04F79EFBC}") = "MagicManager.WebJob", "MagicManager.WebJob\MagicManager.WebJob.csproj", "{1FE4DB32-6460-41B0-A6A1-9B53A5C31A46}"
EndProject
Global
	GlobalSection(SolutionConfigurationPlatforms) = preSolution
		Debug|Any CPU = Debug|Any CPU
		Debug|ARM = Debug|ARM
		Debug|x64 = Debug|x64
		Debug|x86 = Debug|x86
		Release|Any CPU = Release|Any CPU
		Release|ARM = Release|ARM
		Release|x64 = Release|x64
		Release|x86 = Release|x86
	EndGlobalSection
	GlobalSection(ProjectConfigurationPlatforms) = postSolution
		{6849F6BF-A87A-49B7-9C44-9CCD267B6C6E}.Debug|Any CPU.ActiveCfg = Debug|Any CPU
		{6849F6BF-A87A-49B7-9C44-9CCD267B6C6E}.Debug|Any CPU.Build.0 = Debug|Any CPU
		{6849F6BF-A87A-49B7-9C44-9CCD267B6C6E}.Debug|Any CPU.Deploy.0 = Debug|Any CPU
		{6849F6BF-A87A-49B7-9C44-9CCD267B6C6E}.Debug|ARM.ActiveCfg = Debug|Any CPU
		{6849F6BF-A87A-49B7-9C44-9CCD267B6C6E}.Debug|ARM.Build.0 = Debug|Any CPU
		{6849F6BF-A87A-49B7-9C44-9CCD267B6C6E}.Debug|ARM.Deploy.0 = Debug|Any CPU
		{6849F6BF-A87A-49B7-9C44-9CCD267B6C6E}.Debug|x64.ActiveCfg = Debug|Any CPU
		{6849F6BF-A87A-49B7-9C44-9CCD267B6C6E}.Debug|x64.Build.0 = Debug|Any CPU
		{6849F6BF-A87A-49B7-9C44-9CCD267B6C6E}.Debug|x64.Deploy.0 = Debug|Any CPU
		{6849F6BF-A87A-49B7-9C44-9CCD267B6C6E}.Debug|x86.ActiveCfg = Debug|Any CPU
		{6849F6BF-A87A-49B7-9C44-9CCD267B6C6E}.Debug|x86.Build.0 = Debug|Any CPU
		{6849F6BF-A87A-49B7-9C44-9CCD267B6C6E}.Debug|x86.Deploy.0 = Debug|Any CPU
		{6849F6BF-A87A-49B7-9C44-9CCD267B6C6E}.Release|Any CPU.ActiveCfg = Release|Any CPU
		{6849F6BF-A87A-49B7-9C44-9CCD267B6C6E}.Release|Any CPU.Build.0 = Release|Any CPU
		{6849F6BF-A87A-49B7-9C44-9CCD267B6C6E}.Release|Any CPU.Deploy.0 = Release|Any CPU
		{6849F6BF-A87A-49B7-9C44-9CCD267B6C6E}.Release|ARM.ActiveCfg = Release|Any CPU
		{6849F6BF-A87A-49B7-9C44-9CCD267B6C6E}.Release|ARM.Build.0 = Release|Any CPU
		{6849F6BF-A87A-49B7-9C44-9CCD267B6C6E}.Release|ARM.Deploy.0 = Release|Any CPU
		{6849F6BF-A87A-49B7-9C44-9CCD267B6C6E}.Release|x64.ActiveCfg = Release|Any CPU
		{6849F6BF-A87A-49B7-9C44-9CCD267B6C6E}.Release|x64.Build.0 = Release|Any CPU
		{6849F6BF-A87A-49B7-9C44-9CCD267B6C6E}.Release|x64.Deploy.0 = Release|Any CPU
		{6849F6BF-A87A-49B7-9C44-9CCD267B6C6E}.Release|x86.ActiveCfg = Release|Any CPU
		{6849F6BF-A87A-49B7-9C44-9CCD267B6C6E}.Release|x86.Build.0 = Release|Any CPU
		{6849F6BF-A87A-49B7-9C44-9CCD267B6C6E}.Release|x86.Deploy.0 = Release|Any CPU
		{9480F7B1-9B4C-4CE5-A542-F0E7E92E111E}.Debug|Any CPU.ActiveCfg = Debug|Any CPU
		{9480F7B1-9B4C-4CE5-A542-F0E7E92E111E}.Debug|Any CPU.Build.0 = Debug|Any CPU
		{9480F7B1-9B4C-4CE5-A542-F0E7E92E111E}.Debug|ARM.ActiveCfg = Debug|Any CPU
		{9480F7B1-9B4C-4CE5-A542-F0E7E92E111E}.Debug|ARM.Build.0 = Debug|Any CPU
		{9480F7B1-9B4C-4CE5-A542-F0E7E92E111E}.Debug|x64.ActiveCfg = Debug|Any CPU
		{9480F7B1-9B4C-4CE5-A542-F0E7E92E111E}.Debug|x64.Build.0 = Debug|Any CPU
		{9480F7B1-9B4C-4CE5-A542-F0E7E92E111E}.Debug|x86.ActiveCfg = Debug|Any CPU
		{9480F7B1-9B4C-4CE5-A542-F0E7E92E111E}.Debug|x86.Build.0 = Debug|Any CPU
		{9480F7B1-9B4C-4CE5-A542-F0E7E92E111E}.Release|Any CPU.ActiveCfg = Release|Any CPU
		{9480F7B1-9B4C-4CE5-A542-F0E7E92E111E}.Release|Any CPU.Build.0 = Release|Any CPU
		{9480F7B1-9B4C-4CE5-A542-F0E7E92E111E}.Release|ARM.ActiveCfg = Release|Any CPU
		{9480F7B1-9B4C-4CE5-A542-F0E7E92E111E}.Release|ARM.Build.0 = Release|Any CPU
		{9480F7B1-9B4C-4CE5-A542-F0E7E92E111E}.Release|x64.ActiveCfg = Release|Any CPU
		{9480F7B1-9B4C-4CE5-A542-F0E7E92E111E}.Release|x64.Build.0 = Release|Any CPU
		{9480F7B1-9B4C-4CE5-A542-F0E7E92E111E}.Release|x86.ActiveCfg = Release|Any CPU
		{9480F7B1-9B4C-4CE5-A542-F0E7E92E111E}.Release|x86.Build.0 = Release|Any CPU
		{99BC77B8-A555-4FA4-AFAA-90BBF40DE857}.Debug|Any CPU.ActiveCfg = Debug|Any CPU
		{99BC77B8-A555-4FA4-AFAA-90BBF40DE857}.Debug|Any CPU.Build.0 = Debug|Any CPU
		{99BC77B8-A555-4FA4-AFAA-90BBF40DE857}.Debug|ARM.ActiveCfg = Debug|Any CPU
		{99BC77B8-A555-4FA4-AFAA-90BBF40DE857}.Debug|ARM.Build.0 = Debug|Any CPU
		{99BC77B8-A555-4FA4-AFAA-90BBF40DE857}.Debug|x64.ActiveCfg = Debug|Any CPU
		{99BC77B8-A555-4FA4-AFAA-90BBF40DE857}.Debug|x64.Build.0 = Debug|Any CPU
		{99BC77B8-A555-4FA4-AFAA-90BBF40DE857}.Debug|x86.ActiveCfg = Debug|Any CPU
		{99BC77B8-A555-4FA4-AFAA-90BBF40DE857}.Debug|x86.Build.0 = Debug|Any CPU
		{99BC77B8-A555-4FA4-AFAA-90BBF40DE857}.Release|Any CPU.ActiveCfg = Release|Any CPU
		{99BC77B8-A555-4FA4-AFAA-90BBF40DE857}.Release|Any CPU.Build.0 = Release|Any CPU
		{99BC77B8-A555-4FA4-AFAA-90BBF40DE857}.Release|ARM.ActiveCfg = Release|Any CPU
		{99BC77B8-A555-4FA4-AFAA-90BBF40DE857}.Release|ARM.Build.0 = Release|Any CPU
		{99BC77B8-A555-4FA4-AFAA-90BBF40DE857}.Release|x64.ActiveCfg = Release|Any CPU
		{99BC77B8-A555-4FA4-AFAA-90BBF40DE857}.Release|x64.Build.0 = Release|Any CPU
		{99BC77B8-A555-4FA4-AFAA-90BBF40DE857}.Release|x86.ActiveCfg = Release|Any CPU
		{99BC77B8-A555-4FA4-AFAA-90BBF40DE857}.Release|x86.Build.0 = Release|Any CPU
		{FBA6D843-F8EF-49C2-8FB3-75A3FC5FDB28}.Debug|Any CPU.ActiveCfg = Debug|Any CPU
		{FBA6D843-F8EF-49C2-8FB3-75A3FC5FDB28}.Debug|Any CPU.Build.0 = Debug|Any CPU
		{FBA6D843-F8EF-49C2-8FB3-75A3FC5FDB28}.Debug|ARM.ActiveCfg = Debug|Any CPU
		{FBA6D843-F8EF-49C2-8FB3-75A3FC5FDB28}.Debug|ARM.Build.0 = Debug|Any CPU
		{FBA6D843-F8EF-49C2-8FB3-75A3FC5FDB28}.Debug|x64.ActiveCfg = Debug|Any CPU
		{FBA6D843-F8EF-49C2-8FB3-75A3FC5FDB28}.Debug|x64.Build.0 = Debug|Any CPU
		{FBA6D843-F8EF-49C2-8FB3-75A3FC5FDB28}.Debug|x86.ActiveCfg = Debug|Any CPU
		{FBA6D843-F8EF-49C2-8FB3-75A3FC5FDB28}.Debug|x86.Build.0 = Debug|Any CPU
		{FBA6D843-F8EF-49C2-8FB3-75A3FC5FDB28}.Release|Any CPU.ActiveCfg = Release|Any CPU
		{FBA6D843-F8EF-49C2-8FB3-75A3FC5FDB28}.Release|Any CPU.Build.0 = Release|Any CPU
		{FBA6D843-F8EF-49C2-8FB3-75A3FC5FDB28}.Release|ARM.ActiveCfg = Release|Any CPU
		{FBA6D843-F8EF-49C2-8FB3-75A3FC5FDB28}.Release|ARM.Build.0 = Release|Any CPU
		{FBA6D843-F8EF-49C2-8FB3-75A3FC5FDB28}.Release|x64.ActiveCfg = Release|Any CPU
		{FBA6D843-F8EF-49C2-8FB3-75A3FC5FDB28}.Release|x64.Build.0 = Release|Any CPU
		{FBA6D843-F8EF-49C2-8FB3-75A3FC5FDB28}.Release|x86.ActiveCfg = Release|Any CPU
		{FBA6D843-F8EF-49C2-8FB3-75A3FC5FDB28}.Release|x86.Build.0 = Release|Any CPU
		{D9313299-3C91-4F0F-8EDD-2C59633775AD}.Debug|Any CPU.ActiveCfg = Debug|Any CPU
		{D9313299-3C91-4F0F-8EDD-2C59633775AD}.Debug|Any CPU.Build.0 = Debug|Any CPU
		{D9313299-3C91-4F0F-8EDD-2C59633775AD}.Debug|ARM.ActiveCfg = Debug|Any CPU
		{D9313299-3C91-4F0F-8EDD-2C59633775AD}.Debug|ARM.Build.0 = Debug|Any CPU
		{D9313299-3C91-4F0F-8EDD-2C59633775AD}.Debug|x64.ActiveCfg = Debug|Any CPU
		{D9313299-3C91-4F0F-8EDD-2C59633775AD}.Debug|x64.Build.0 = Debug|Any CPU
		{D9313299-3C91-4F0F-8EDD-2C59633775AD}.Debug|x86.ActiveCfg = Debug|Any CPU
		{D9313299-3C91-4F0F-8EDD-2C59633775AD}.Debug|x86.Build.0 = Debug|Any CPU
		{D9313299-3C91-4F0F-8EDD-2C59633775AD}.Release|Any CPU.ActiveCfg = Release|Any CPU
		{D9313299-3C91-4F0F-8EDD-2C59633775AD}.Release|Any CPU.Build.0 = Release|Any CPU
		{D9313299-3C91-4F0F-8EDD-2C59633775AD}.Release|ARM.ActiveCfg = Release|Any CPU
		{D9313299-3C91-4F0F-8EDD-2C59633775AD}.Release|ARM.Build.0 = Release|Any CPU
		{D9313299-3C91-4F0F-8EDD-2C59633775AD}.Release|x64.ActiveCfg = Release|Any CPU
		{D9313299-3C91-4F0F-8EDD-2C59633775AD}.Release|x64.Build.0 = Release|Any CPU
		{D9313299-3C91-4F0F-8EDD-2C59633775AD}.Release|x86.ActiveCfg = Release|Any CPU
		{D9313299-3C91-4F0F-8EDD-2C59633775AD}.Release|x86.Build.0 = Release|Any CPU
		{92EF59D6-D272-4D25-9468-809F8C581EB9}.Debug|Any CPU.ActiveCfg = Debug|Any CPU
		{92EF59D6-D272-4D25-9468-809F8C581EB9}.Debug|Any CPU.Build.0 = Debug|Any CPU
		{92EF59D6-D272-4D25-9468-809F8C581EB9}.Debug|ARM.ActiveCfg = Debug|Any CPU
		{92EF59D6-D272-4D25-9468-809F8C581EB9}.Debug|ARM.Build.0 = Debug|Any CPU
		{92EF59D6-D272-4D25-9468-809F8C581EB9}.Debug|x64.ActiveCfg = Debug|Any CPU
		{92EF59D6-D272-4D25-9468-809F8C581EB9}.Debug|x64.Build.0 = Debug|Any CPU
		{92EF59D6-D272-4D25-9468-809F8C581EB9}.Debug|x86.ActiveCfg = Debug|Any CPU
		{92EF59D6-D272-4D25-9468-809F8C581EB9}.Debug|x86.Build.0 = Debug|Any CPU
		{92EF59D6-D272-4D25-9468-809F8C581EB9}.Release|Any CPU.ActiveCfg = Release|Any CPU
		{92EF59D6-D272-4D25-9468-809F8C581EB9}.Release|Any CPU.Build.0 = Release|Any CPU
		{92EF59D6-D272-4D25-9468-809F8C581EB9}.Release|ARM.ActiveCfg = Release|Any CPU
		{92EF59D6-D272-4D25-9468-809F8C581EB9}.Release|ARM.Build.0 = Release|Any CPU
		{92EF59D6-D272-4D25-9468-809F8C581EB9}.Release|x64.ActiveCfg = Release|Any CPU
		{92EF59D6-D272-4D25-9468-809F8C581EB9}.Release|x64.Build.0 = Release|Any CPU
		{92EF59D6-D272-4D25-9468-809F8C581EB9}.Release|x86.ActiveCfg = Release|Any CPU
		{92EF59D6-D272-4D25-9468-809F8C581EB9}.Release|x86.Build.0 = Release|Any CPU
		{1FE4DB32-6460-41B0-A6A1-9B53A5C31A46}.Debug|Any CPU.ActiveCfg = Debug|Any CPU
		{1FE4DB32-6460-41B0-A6A1-9B53A5C31A46}.Debug|Any CPU.Build.0 = Debug|Any CPU
		{1FE4DB32-6460-41B0-A6A1-9B53A5C31A46}.Debug|ARM.ActiveCfg = Debug|Any CPU
		{1FE4DB32-6460-41B0-A6A1-9B53A5C31A46}.Debug|ARM.Build.0 = Debug|Any CPU
		{1FE4DB32-6460-41B0-A6A1-9B53A5C31A46}.Debug|x64.ActiveCfg = Debug|Any CPU
		{1FE4DB32-6460-41B0-A6A1-9B53A5C31A46}.Debug|x64.Build.0 = Debug|Any CPU
		{1FE4DB32-6460-41B0-A6A1-9B53A5C31A46}.Debug|x86.ActiveCfg = Debug|Any CPU
		{1FE4DB32-6460-41B0-A6A1-9B53A5C31A46}.Debug|x86.Build.0 = Debug|Any CPU
		{1FE4DB32-6460-41B0-A6A1-9B53A5C31A46}.Release|Any CPU.ActiveCfg = Release|Any CPU
		{1FE4DB32-6460-41B0-A6A1-9B53A5C31A46}.Release|Any CPU.Build.0 = Release|Any CPU
		{1FE4DB32-6460-41B0-A6A1-9B53A5C31A46}.Release|ARM.ActiveCfg = Release|Any CPU
		{1FE4DB32-6460-41B0-A6A1-9B53A5C31A46}.Release|ARM.Build.0 = Release|Any CPU
		{1FE4DB32-6460-41B0-A6A1-9B53A5C31A46}.Release|x64.ActiveCfg = Release|Any CPU
		{1FE4DB32-6460-41B0-A6A1-9B53A5C31A46}.Release|x64.Build.0 = Release|Any CPU
		{1FE4DB32-6460-41B0-A6A1-9B53A5C31A46}.Release|x86.ActiveCfg = Release|Any CPU
		{1FE4DB32-6460-41B0-A6A1-9B53A5C31A46}.Release|x86.Build.0 = Release|Any CPU
	EndGlobalSection
	GlobalSection(SolutionProperties) = preSolution
		HideSolutionNode = FALSE
	EndGlobalSection
EndGlobal
